
Microsoft Visual Studio Solution File, Format Version 12.00
# Visual Studio Version 16
VisualStudioVersion = 16.0.29306.81
MinimumVisualStudioVersion = 10.0.40219.1
Project("{FAE04EC0-301F-11D3-BF4B-00C04F79EFBC}") = "Hello-World", "Hello-World\Hello-World.csproj", "{73F22A4A-3352-4D8E-99BB-249065868517}"
EndProject
Global
	GlobalSection(SolutionConfigurationPlatforms) = preSolution
		Debug|Any CPU = Debug|Any CPU
		Release|Any CPU = Release|Any CPU
	EndGlobalSection
	GlobalSection(ProjectConfigurationPlatforms) = postSolution
		{73F22A4A-3352-4D8E-99BB-249065868517}.Debug|Any CPU.ActiveCfg = Debug|Any CPU
		{73F22A4A-3352-4D8E-99BB-249065868517}.Debug|Any CPU.Build.0 = Debug|Any CPU
		{73F22A4A-3352-4D8E-99BB-249065868517}.Release|Any CPU.ActiveCfg = Release|Any CPU
		{73F22A4A-3352-4D8E-99BB-249065868517}.Release|Any CPU.Build.0 = Release|Any CPU
	EndGlobalSection
	GlobalSection(SolutionProperties) = preSolution
		HideSolutionNode = FALSE
	EndGlobalSection
	GlobalSection(ExtensibilityGlobals) = postSolution
		SolutionGuid = {A40865EE-345D-4ECF-BE04-D48D6BA71C0E}
	EndGlobalSection
EndGlobal
